Microsoft Visual Studio Solution File, Format Version 12.00
# Visual Studio Version 17
VisualStudioVersion = 17.5.2.0
MinimumVisualStudioVersion = 10.0.40219.1
Project("{FAE04EC0-301F-11D3-BF4B-00C04F79EFBC}") = "tl2-tp1-2025-Targaaa", "tl2-tp1-2025-Targaaa.csproj", "{AC7BF2EC-C99E-2E00-5894-DFC5DBA5AEE8}"
EndProject
Global
	GlobalSection(SolutionConfigurationPlatforms) = preSolution
		Debug|Any CPU = Debug|Any CPU
		Release|Any CPU = Release|Any CPU
	EndGlobalSection
	GlobalSection(ProjectConfigurationPlatforms) = postSolution
		{AC7BF2EC-C99E-2E00-5894-DFC5DBA5AEE8}.Debug|Any CPU.ActiveCfg = Debug|Any CPU
		{AC7BF2EC-C99E-2E00-5894-DFC5DBA5AEE8}.Debug|Any CPU.Build.0 = Debug|Any CPU
		{AC7BF2EC-C99E-2E00-5894-DFC5DBA5AEE8}.Release|Any CPU.ActiveCfg = Release|Any CPU
		{AC7BF2EC-C99E-2E00-5894-DFC5DBA5AEE8}.Release|Any CPU.Build.0 = Release|Any CPU
	EndGlobalSection
	GlobalSection(SolutionProperties) = preSolution
		HideSolutionNode = FALSE
	EndGlobalSection
	GlobalSection(ExtensibilityGlobals) = postSolution
		SolutionGuid = {88FEFFEB-9B85-48DE-AC7A-F5D01DD485C3}
	EndGlobalSection
EndGlobal
